
Microsoft Visual Studio Solution File, Format Version 12.00
# Visual Studio 15
VisualStudioVersion = 15.0.27703.2047
MinimumVisualStudioVersion = 10.0.40219.1
Project("{FAE04EC0-301F-11D3-BF4B-00C04F79EFBC}") = "UniversitiesDashBoardDemo", "UniversitiesDashBoardDemo\UniversitiesDashBoardDemo.csproj", "{4792D9D3-C474-4B03-AF3E-2FB4D899F020}"
EndProject
Global
	GlobalSection(SolutionConfigurationPlatforms) = preSolution
		Debug|Any CPU = Debug|Any CPU
		Release|Any CPU = Release|Any CPU
	EndGlobalSection
	GlobalSection(ProjectConfigurationPlatforms) = postSolution
		{4792D9D3-C474-4B03-AF3E-2FB4D899F020}.Debug|Any CPU.ActiveCfg = Debug|Any CPU
		{4792D9D3-C474-4B03-AF3E-2FB4D899F020}.Debug|Any CPU.Build.0 = Debug|Any CPU
		{4792D9D3-C474-4B03-AF3E-2FB4D899F020}.Release|Any CPU.ActiveCfg = Release|Any CPU
		{4792D9D3-C474-4B03-AF3E-2FB4D899F020}.Release|Any CPU.Build.0 = Release|Any CPU
	EndGlobalSection
	GlobalSection(SolutionProperties) = preSolution
		HideSolutionNode = FALSE
	EndGlobalSection
	GlobalSection(ExtensibilityGlobals) = postSolution
		SolutionGuid = {442FF9B0-233A-4C65-A799-7FC8D06A6BF9}
	EndGlobalSection
EndGlobal
